// !$*UTF8*$!
{
	archiveVersion = 1;
	classes = {
	};
	objectVersion = 48;
	objects = {

/* Begin PBXBuildFile section */
		86F41A0F20A82CDE009F2E5E /* DLinkedList.c in Sources */ = {isa = PBXBuildFile; fileRef = 86F41A0E20A82CDE009F2E5E /* DLinkedList.c */; };
		86F41A1420A85B79009F2E5E /* ALGraphDFS.c in Sources */ = {isa = PBXBuildFile; fileRef = 86F41A1320A85B79009F2E5E /* ALGraphDFS.c */; };
		86F41A1720A877FD009F2E5E /* ArrayBaseStack.c in Sources */ = {isa = PBXBuildFile; fileRef = 86F41A1620A877FD009F2E5E /* ArrayBaseStack.c */; };
		86F41A1920A87E36009F2E5E /* DFSMain.c in Sources */ = {isa = PBXBuildFile; fileRef = 86F41A1820A87E36009F2E5E /* DFSMain.c */; };
/* End PBXBuildFile section */

/* Begin PBXCopyFilesBuildPhase section */
		86F13E7720761F3300E08CBC /* CopyFiles */ = {
			isa = PBXCopyFilesBuildPhase;
			buildActionMask = 2147483647;
			dstPath = /usr/share/man/man1/;
			dstSubfolderSpec = 0;
			files = (
			);
			runOnlyForDeploymentPostprocessing = 1;
		};
/* End PBXCopyFilesBuildPhase section */

/* Begin PBXFileReference section */
		86F13E7920761F3300E08CBC /* PracticeC */ = {isa = PBXFileReference; explicitFileType = "compiled.mach-o.executable"; includeInIndex = 0; path = PracticeC; sourceTree = BUILT_PRODUCTS_DIR; };
		86F41A0D20A82CDE009F2E5E /* DLinkedList.h */ = {isa = PBXFileReference; fileEncoding = 4; lastKnownFileType = sourcecode.c.h; name = DLinkedList.h; path = DummyLinkedList/DLinkedList.h; sourceTree = "<group>"; };
		86F41A0E20A82CDE009F2E5E /* DLinkedList.c */ = {isa = PBXFileReference; fileEncoding = 4; lastKnownFileType = sourcecode.c.c; name = DLinkedList.c; path = DummyLinkedList/DLinkedList.c; sourceTree = "<group>"; };
		86F41A1220A85B79009F2E5E /* ALGraphDFS.h */ = {isa = PBXFileReference; lastKnownFileType = sourcecode.c.h; path = ALGraphDFS.h; sourceTree = "<group>"; };
		86F41A1320A85B79009F2E5E /* ALGraphDFS.c */ = {isa = PBXFileReference; lastKnownFileType = sourcecode.c.c; path = ALGraphDFS.c; sourceTree = "<group>"; };
		86F41A1520A877FD009F2E5E /* ArrayBaseStack.h */ = {isa = PBXFileReference; fileEncoding = 4; lastKnownFileType = sourcecode.c.h; name = ArrayBaseStack.h; path = ArrayBaseStack/ArrayBaseStack.h; sourceTree = "<group>"; };
		86F41A1620A877FD009F2E5E /* ArrayBaseStack.c */ = {isa = PBXFileReference; fileEncoding = 4; lastKnownFileType = sourcecode.c.c; name = ArrayBaseStack.c; path = ArrayBaseStack/ArrayBaseStack.c; sourceTree = "<group>"; };
		86F41A1820A87E36009F2E5E /* DFSMain.c */ = {isa = PBXFileReference; lastKnownFileType = sourcecode.c.c; path = DFSMain.c; sourceTree = "<group>"; };
/* End PBXFileReference section */

/* Begin PBXFrameworksBuildPhase section */
		86F13E7620761F3300E08CBC /* Frameworks */ = {
			isa = PBXFrameworksBuildPhase;
			buildActionMask = 2147483647;
			files = (
			);
			runOnlyForDeploymentPostprocessing = 0;
		};
/* End PBXFrameworksBuildPhase section */

/* Begin PBXGroup section */
		86F13E7020761F3300E08CBC = {
			isa = PBXGroup;
			children = (
				86F13E7B20761F3300E08CBC /* PracticeC */,
				86F13E7A20761F3300E08CBC /* Products */,
			);
			sourceTree = "<group>";
		};
		86F13E7A20761F3300E08CBC /* Products */ = {
			isa = PBXGroup;
			children = (
				86F13E7920761F3300E08CBC /* PracticeC */,
			);
			name = Products;
			sourceTree = "<group>";
		};
		86F13E7B20761F3300E08CBC /* PracticeC */ = {
			isa = PBXGroup;
			children = (
				86F41A1620A877FD009F2E5E /* ArrayBaseStack.c */,
				86F41A1520A877FD009F2E5E /* ArrayBaseStack.h */,
				86F41A0E20A82CDE009F2E5E /* DLinkedList.c */,
				86F41A0D20A82CDE009F2E5E /* DLinkedList.h */,
				86F41A1220A85B79009F2E5E /* ALGraphDFS.h */,
				86F41A1320A85B79009F2E5E /* ALGraphDFS.c */,
				86F41A1820A87E36009F2E5E /* DFSMain.c */,
			);
			path = PracticeC;
			sourceTree = "<group>";
		};
/* End PBXGroup section */

/* Begin PBXNativeTarget section */
		86F13E7820761F3300E08CBC /* PracticeC */ = {
			isa = PBXNativeTarget;
			buildConfigurationList = 86F13E8020761F3300E08CBC /* Build configuration list for PBXNativeTarget "PracticeC" */;
			buildPhases = (
				86F13E7520761F3300E08CBC /* Sources */,
				86F13E7620761F3300E08CBC /* Frameworks */,
				86F13E7720761F3300E08CBC /* CopyFiles */,
			);
			buildRules = (
			);
			dependencies = (
			);
			name = PracticeC;
			productName = PracticeC;
			productReference = 86F13E7920761F3300E08CBC /* PracticeC */;
			productType = "com.apple.product-type.tool";
		};
/* End PBXNativeTarget section */

/* Begin PBXProject section */
		86F13E7120761F3300E08CBC /* Project object */ = {
			isa = PBXProject;
			attributes = {
				LastUpgradeCheck = 0920;
				ORGANIZATIONNAME = "KimJoong Seon";
				TargetAttributes = {
					86F13E7820761F3300E08CBC = {
						CreatedOnToolsVersion = 9.2;
						ProvisioningStyle = Automatic;
					};
				};
			};
			buildConfigurationList = 86F13E7420761F3300E08CBC /* Build configuration list for PBXProject "PracticeC" */;
			compatibilityVersion = "Xcode 8.0";
			developmentRegion = en;
			hasScannedForEncodings = 0;
			knownRegions = (
				en,
			);
			mainGroup = 86F13E7020761F3300E08CBC;
			productRefGroup = 86F13E7A20761F3300E08CBC /* Products */;
			projectDirPath = "";
			projectRoot = "";
			targets = (
				86F13E7820761F3300E08CBC /* PracticeC */,
			);
		};
/* End PBXProject section */

/* Begin PBXSourcesBuildPhase section */
		86F13E7520761F3300E08CBC /* Sources */ = {
			isa = PBXSourcesBuildPhase;
			buildActionMask = 2147483647;
			files = (
				86F41A1920A87E36009F2E5E /* DFSMain.c in Sources */,
				86F41A1720A877FD009F2E5E /* ArrayBaseStack.c in Sources */,
				86F41A0F20A82CDE009F2E5E /* DLinkedList.c in Sources */,
				86F41A1420A85B79009F2E5E /* ALGraphDFS.c in Sources */,
			);
			runOnlyForDeploymentPostprocessing = 0;
		};
/* End PBXSourcesBuildPhase section */

/* Begin XCBuildConfiguration section */
		86F13E7E20761F3300E08CBC /* Debug */ = {
			isa = XCBuildConfiguration;
			buildSettings = {
				ALWAYS_SEARCH_USER_PATHS = NO;
				CLANG_ANALYZER_NONNULL = YES;
				CLANG_ANALYZER_NUMBER_OBJECT_CONVERSION = YES_AGGRESSIVE;
				CLANG_CXX_LANGUAGE_STANDARD = "gnu++14";
				CLANG_CXX_LIBRARY = "libc++";
				CLANG_ENABLE_MODULES = YES;
				CLANG_ENABLE_OBJC_ARC = YES;
				CLANG_WARN_BLOCK_CAPTURE_AUTORELEASING = YES;
				CLANG_WARN_BOOL_CONVERSION = YES;
				CLANG_WARN_COMMA = YES;
				CLANG_WARN_CONSTANT_CONVERSION = YES;
				CLANG_WARN_DIRECT_OBJC_ISA_USAGE = YES_ERROR;
				CLANG_WARN_DOCUMENTATION_COMMENTS = YES;
				CLANG_WARN_EMPTY_BODY = YES;
				CLANG_WARN_ENUM_CONVERSION = YES;
				CLANG_WARN_INFINITE_RECURSION = YES;
				CLANG_WARN_INT_CONVERSION = YES;
				CLANG_WARN_NON_LITERAL_NULL_CONVERSION = YES;
				CLANG_WARN_OBJC_LITERAL_CONVERSION = YES;
				CLANG_WARN_OBJC_ROOT_CLASS = YES_ERROR;
				CLANG_WARN_RANGE_LOOP_ANALYSIS = YES;
				CLANG_WARN_STRICT_PROTOTYPES = YES;
				CLANG_WARN_SUSPICIOUS_MOVE = YES;
				CLANG_WARN_UNGUARDED_AVAILABILITY = YES_AGGRESSIVE;
				CLANG_WARN_UNREACHABLE_CODE = YES;
				CLANG_WARN__DUPLICATE_METHOD_MATCH = YES;
				CODE_SIGN_IDENTITY = "-";
				COPY_PHASE_STRIP = NO;
				DEBUG_INFORMATION_FORMAT = dwarf;
				ENABLE_STRICT_OBJC_MSGSEND = YES;
				ENABLE_TESTABILITY = YES;
				GCC_C_LANGUAGE_STANDARD = gnu11;
				GCC_DYNAMIC_NO_PIC = NO;
				GCC_NO_COMMON_BLOCKS = YES;
				GCC_OPTIMIZATION_LEVEL = 0;
				GCC_PREPROCESSOR_DEFINITIONS = (
					"DEBUG=1",
					"$(inherited)",
				);
				GCC_WARN_64_TO_32_BIT_CONVERSION = YES;
				GCC_WARN_ABOUT_RETURN_TYPE = YES_ERROR;
				GCC_WARN_UNDECLARED_SELECTOR = YES;
				GCC_WARN_UNINITIALIZED_AUTOS = YES_AGGRESSIVE;
				GCC_WARN_UNUSED_FUNCTION = YES;
				GCC_WARN_UNUSED_VARIABLE = YES;
				MACOSX_DEPLOYMENT_TARGET = 10.13;
				MTL_ENABLE_DEBUG_INFO = YES;
				ONLY_ACTIVE_ARCH = YES;
				SDKROOT = macosx;
			};
			name = Debug;
		};
		86F13E7F20761F3300E08CBC /* Release */ = {
			isa = XCBuildConfiguration;
			buildSettings = {
				ALWAYS_SEARCH_USER_PATHS = NO;
				CLANG_ANALYZER_NONNULL = YES;
				CLANG_ANALYZER_NUMBER_OBJECT_CONVERSION = YES_AGGRESSIVE;
				CLANG_CXX_LANGUAGE_STANDARD = "gnu++14";
				CLANG_CXX_LIBRARY = "libc++";
				CLANG_ENABLE_MODULES = YES;
				CLANG_ENABLE_OBJC_ARC = YES;
				CLANG_WARN_BLOCK_CAPTURE_AUTORELEASING = YES;
				CLANG_WARN_BOOL_CONVERSION = YES;
				CLANG_WARN_COMMA = YES;
				CLANG_WARN_CONSTANT_CONVERSION = YES;
				CLANG_WARN_DIRECT_OBJC_ISA_USAGE = YES_ERROR;
				CLANG_WARN_DOCUMENTATION_COMMENTS = YES;
				CLANG_WARN_EMPTY_BODY = YES;
				CLANG_WARN_ENUM_CONVERSION = YES;
				CLANG_WARN_INFINITE_RECURSION = YES;
				CLANG_WARN_INT_CONVERSION = YES;
				CLANG_WARN_NON_LITERAL_NULL_CONVERSION = YES;
				CLANG_WARN_OBJC_LITERAL_CONVERSION = YES;
				CLANG_WARN_OBJC_ROOT_CLASS = YES_ERROR;
				CLANG_WARN_RANGE_LOOP_ANALYSIS = YES;
				CLANG_WARN_STRICT_PROTOTYPES = YES;
				CLANG_WARN_SUSPICIOUS_MOVE = YES;
				CLANG_WARN_UNGUARDED_AVAILABILITY = YES_AGGRESSIVE;
				CLANG_WARN_UNREACHABLE_CODE = YES;
				CLANG_WARN__DUPLICATE_METHOD_MATCH = YES;
				CODE_SIGN_IDENTITY = "-";
				COPY_PHASE_STRIP = NO;
				DEBUG_INFORMATION_FORMAT = "dwarf-with-dsym";
				ENABLE_NS_ASSERTIONS = NO;
				ENABLE_STRICT_OBJC_MSGSEND = YES;
				GCC_C_LANGUAGE_STANDARD = gnu11;
				GCC_NO_COMMON_BLOCKS = YES;
				GCC_WARN_64_TO_32_BIT_CONVERSION = YES;
				GCC_WARN_ABOUT_RETURN_TYPE = YES_ERROR;
				GCC_WARN_UNDECLARED_SELECTOR = YES;
				GCC_WARN_UNINITIALIZED_AUTOS = YES_AGGRESSIVE;
				GCC_WARN_UNUSED_FUNCTION = YES;
				GCC_WARN_UNUSED_VARIABLE = YES;
				MACOSX_DEPLOYMENT_TARGET = 10.13;
				MTL_ENABLE_DEBUG_INFO = NO;
				SDKROOT = macosx;
			};
			name = Release;
		};
		86F13E8120761F3300E08CBC /* Debug */ = {
			isa = XCBuildConfiguration;
			buildSettings = {
				CODE_SIGN_STYLE = Automatic;
				PRODUCT_NAME = "$(TARGET_NAME)";
			};
			name = Debug;
		};
		86F13E8220761F3300E08CBC /* Release */ = {
			isa = XCBuildConfiguration;
			buildSettings = {
				CODE_SIGN_STYLE = Automatic;
				PRODUCT_NAME = "$(TARGET_NAME)";
			};
			name = Release;
		};
/* End XCBuildConfiguration section */

/* Begin XCConfigurationList section */
		86F13E7420761F3300E08CBC /* Build configuration list for PBXProject "PracticeC" */ = {
			isa = XCConfigurationList;
			buildConfigurations = (
				86F13E7E20761F3300E08CBC /* Debug */,
				86F13E7F20761F3300E08CBC /* Release */,
			);
			defaultConfigurationIsVisible = 0;
			defaultConfigurationName = Release;
		};
		86F13E8020761F3300E08CBC /* Build configuration list for PBXNativeTarget "PracticeC" */ = {
			isa = XCConfigurationList;
			buildConfigurations = (
				86F13E8120761F3300E08CBC /* Debug */,
				86F13E8220761F3300E08CBC /* Release */,
			);
			defaultConfigurationIsVisible = 0;
			defaultConfigurationName = Release;
		};
/* End XCConfigurationList section */
	};
	rootObject = 86F13E7120761F3300E08CBC /* Project object */;
}
